
Microsoft Visual Studio Solution File, Format Version 12.00
# Visual Studio 15
VisualStudioVersion = 15.0.28010.2016
MinimumVisualStudioVersion = 10.0.40219.1
Project("{FAE04EC0-301F-11D3-BF4B-00C04F79EFBC}") = "ConsoleApp1", "ConsoleApp1\ConsoleApp1.csproj", "{ABF23536-F96E-4BA9-8FC7-DAD061320978}"
EndProject
Project("{FAE04EC0-301F-11D3-BF4B-00C04F79EFBC}") = "PizzaBox", "PizzaBox\PizzaBox.csproj", "{629BF60A-A495-401E-A413-193D2C5CA12D}"
EndProject
Project("{FAE04EC0-301F-11D3-BF4B-00C04F79EFBC}") = "PizzaBox.Tests", "PizzaBox.Tests\PizzaBox.Tests.csproj", "{8410E8A2-8652-4357-9478-9E290F370254}"
EndProject
Global
	GlobalSection(SolutionConfigurationPlatforms) = preSolution
		Debug|Any CPU = Debug|Any CPU
		Release|Any CPU = Release|Any CPU
	EndGlobalSection
	GlobalSection(ProjectConfigurationPlatforms) = postSolution
		{ABF23536-F96E-4BA9-8FC7-DAD061320978}.Debug|Any CPU.ActiveCfg = Debug|Any CPU
		{ABF23536-F96E-4BA9-8FC7-DAD061320978}.Debug|Any CPU.Build.0 = Debug|Any CPU
		{ABF23536-F96E-4BA9-8FC7-DAD061320978}.Release|Any CPU.ActiveCfg = Release|Any CPU
		{ABF23536-F96E-4BA9-8FC7-DAD061320978}.Release|Any CPU.Build.0 = Release|Any CPU
		{629BF60A-A495-401E-A413-193D2C5CA12D}.Debug|Any CPU.ActiveCfg = Debug|Any CPU
		{629BF60A-A495-401E-A413-193D2C5CA12D}.Debug|Any CPU.Build.0 = Debug|Any CPU
		{629BF60A-A495-401E-A413-193D2C5CA12D}.Release|Any CPU.ActiveCfg = Release|Any CPU
		{629BF60A-A495-401E-A413-193D2C5CA12D}.Release|Any CPU.Build.0 = Release|Any CPU
	EndGlobalSection
	GlobalSection(SolutionProperties) = preSolution
		HideSolutionNode = FALSE
	EndGlobalSection
	GlobalSection(ExtensibilityGlobals) = postSolution
		SolutionGuid = {7D549C0B-5B69-4174-98AE-1C7ECEBB1284}
	EndGlobalSection
EndGlobal
